schema: '2.0'
stages:
  load_and_train:
    cmd: python src/stage_01_load_and_train.py --config=configs/config.yaml --params=params.yaml
    deps:
    - path: configs/config.yaml
      md5: d11d857ac3f1804898367d5d3afca8dd
      size: 297
    - path: params.yaml
      md5: d15352ec0b331ff4b13fe58ec722785f
      size: 166
    - path: src/stage_01_load_and_train.py
      md5: 9fecf4e78d70171f26250020e4fe55e4
      size: 2760
    - path: src/utils/all_utils.py
      md5: 8faea69a22cfdc12da543985d90304a7
      size: 221
    - path: src/utils/dataset.py
      md5: 71be18c4a5fbde89911725cbadb93230
      size: 1465
    - path: src/utils/modeling.py
      md5: 6fcc9592c1066f024b1523dd1975c84e
      size: 504
    - path: src/utils/train.py
      md5: 13ff35894e65c79f0f80aeb31a9892ef
      size: 1401
    params:
      params.yaml:
        BATCH_SIZE: 32
        EPOCHS: 1
        LEARNING_RATE: 2e-05
        NUM_WORKERS: 1
    outs:
    - path: artifacts/my_model/pytorch_model.bin
      md5: 9645798df2847cf364e3990bee26b450
      size: 438016503
  evaluate:
    cmd: python src/stage_02_evaluate.py --config=configs/config.yaml --params=params.yaml
    deps:
    - path: configs/config.yaml
      md5: d11d857ac3f1804898367d5d3afca8dd
      size: 297
    - path: params.yaml
      md5: d15352ec0b331ff4b13fe58ec722785f
      size: 166
    - path: src/stage_02_evaluate.py
      md5: 69e3a5b962ff382f85ecf38a9ea8661c
      size: 3742
    - path: src/utils/all_utils.py
      md5: 8faea69a22cfdc12da543985d90304a7
      size: 221
